{
  "version": 4,
  "terraform_version": "1.6.1",
  "serial": 2671,
  "lineage": "932584c6-1664-9138-ff9b-bce20bb4bbb1",
  "outputs": {
    "bastion": {
      "value": "192.168.50.10",
      "type": "string"
    },
    "bastion_nat": {
      "value": "158.160.50.177",
      "type": "string"
    },
    "elasticsearch": {
      "value": "192.168.10.30",
      "type": "string"
    },
    "kibana": {
      "value": "192.168.50.30",
      "type": "string"
    },
    "kibana-nat": {
      "value": "158.160.107.173",
      "type": "string"
    },
    "load_balancer_pub": {
      "value": [
        {
          "address": "158.160.157.138"
        }
      ],
      "type": [
        "list",
        [
          "object",
          {
            "address": "string"
          }
        ]
      ]
    },
    "webserver-1": {
      "value": "192.168.10.10",
      "type": "string"
    },
    "webserver-2": {
      "value": "192.168.10.20",
      "type": "string"
    },
    "zabbix": {
      "value": "192.168.50.20",
      "type": "string"
    },
    "zabbix_nat": {
      "value": "51.250.10.170",
      "type": "string"
    }
  },
  "resources": [
    {
      "mode": "managed",
      "type": "yandex_alb_backend_group",
      "name": "alb-bg",
      "provider": "provider[\"registry.terraform.io/yandex-cloud/yandex\"]",
      "instances": [
        {
          "schema_version": 0,
          "attributes": {
            "created_at": "2024-04-13T12:44:20Z",
            "description": "",
            "folder_id": "b1gom662a1nlt3u5u012",
            "grpc_backend": [],
            "http_backend": [
              {
                "healthcheck": [
                  {
                    "grpc_healthcheck": [],
                    "healthcheck_port": 0,
                    "healthy_threshold": 10,
                    "http_healthcheck": [
                      {
                        "host": "",
                        "http2": false,
                        "path": "/"
                      }
                    ],
                    "interval": "2s",
                    "interval_jitter_percent": 0,
                    "stream_healthcheck": [],
                    "timeout": "10s",
                    "unhealthy_threshold": 15
                  }
                ],
                "http2": false,
                "load_balancing_config": [],
                "name": "alb-bg-1",
                "port": 80,
                "storage_bucket": "",
                "target_group_ids": [
                  "ds70dalfnv5o5pi1a8nh"
                ],
                "tls": [],
                "weight": 1
              }
            ],
            "id": "ds7hbgrns0shlpl1h27o",
            "labels": null,
            "name": "",
            "session_affinity": [],
            "stream_backend": [],
            "timeouts": null
          },
          "sensitive_attributes": [],
          "private": "eyJlMmJmYjczMC1lY2FhLTExZTYtOGY4OC0zNDM2M2JjN2M0YzAiOnsiY3JlYXRlIjozMDAwMDAwMDAwMDAsImRlbGV0ZSI6MzAwMDAwMDAwMDAwLCJ1cGRhdGUiOjMwMDAwMDAwMDAwMH19",
          "dependencies": [
            "yandex_alb_target_group.tg-web",
            "yandex_compute_instance.webserver-1",
            "yandex_compute_instance.webserver-2",
            "yandex_vpc_gateway.nat_gateway",
            "yandex_vpc_network.bastion-network",
            "yandex_vpc_route_table.rt",
            "yandex_vpc_security_group.alb-sg",
            "yandex_vpc_security_group.alb-vm-sg",
            "yandex_vpc_security_group.egress-sg",
            "yandex_vpc_security_group.internal-ssh-sg",
            "yandex_vpc_security_group.zabbix-server-sg",
            "yandex_vpc_security_group.zabbix-sg",
            "yandex_vpc_subnet.bastion-external-segment",
            "yandex_vpc_subnet.bastion-internal-segment"
          ]
        }
      ]
    },
    {
      "mode": "managed",
      "type": "yandex_alb_http_router",
      "name": "web-servers-router",
      "provider": "provider[\"registry.terraform.io/yandex-cloud/yandex\"]",
      "instances": [
        {
          "schema_version": 0,
          "attributes": {
            "created_at": "2024-04-13T12:43:22Z",
            "description": "",
            "folder_id": "b1gom662a1nlt3u5u012",
            "id": "ds72ltbef9624v6a6s0t",
            "labels": null,
            "name": "web-servers-router",
            "route_options": [],
            "timeouts": null
          },
          "sensitive_attributes": [],
          "private": "eyJlMmJmYjczMC1lY2FhLTExZTYtOGY4OC0zNDM2M2JjN2M0YzAiOnsiY3JlYXRlIjozMDAwMDAwMDAwMDAsImRlbGV0ZSI6MzAwMDAwMDAwMDAwLCJ1cGRhdGUiOjMwMDAwMDAwMDAwMH19"
        }
      ]
    },
    {
      "mode": "managed",
      "type": "yandex_alb_load_balancer",
      "name": "alb-lb",
      "provider": "provider[\"registry.terraform.io/yandex-cloud/yandex\"]",
      "instances": [
        {
          "schema_version": 0,
          "attributes": {
            "allocation_policy": [
              {
                "location": [
                  {
                    "disable_traffic": false,
                    "subnet_id": "e9bf8i19hiepv05d5tjm",
                    "zone_id": "ru-central1-a"
                  }
                ]
              }
            ],
            "created_at": "2024-04-13T12:43:38Z",
            "description": "",
            "folder_id": "b1gom662a1nlt3u5u012",
            "id": "ds7du4kc5ffm559ulsi6",
            "labels": null,
            "listener": [
              {
                "endpoint": [
                  {
                    "address": [
                      {
                        "external_ipv4_address": [
                          {
                            "address": "158.160.157.138"
                          }
                        ],
                        "external_ipv6_address": [],
                        "internal_ipv4_address": []
                      }
                    ],
                    "ports": [
                      80
                    ]
                  }
                ],
                "http": [
                  {
                    "handler": [
                      {
                        "allow_http10": false,
                        "http2_options": [],
                        "http_router_id": "ds72ltbef9624v6a6s0t",
                        "rewrite_request_id": false
                      }
                    ],
                    "redirects": []
                  }
                ],
                "name": "alb-listener",
                "stream": [],
                "tls": []
              }
            ],
            "log_group_id": "",
            "log_options": [],
            "name": "alb-lb",
            "network_id": "enpv8takndeourobkbr8",
            "region_id": "",
            "security_group_ids": [
              "enpb5c4e45haaomgi4mp",
              "enpe83v4471itlk8h0p7",
              "enpk1bd7r6mbd9b3reuh",
              "enpkci57ec50ne1r3rkn",
              "enpphl81tnr67v9k194f"
            ],
            "status": "active",
            "timeouts": null
          },
          "sensitive_attributes": [],
          "private": "eyJlMmJmYjczMC1lY2FhLTExZTYtOGY4OC0zNDM2M2JjN2M0YzAiOnsiY3JlYXRlIjo2MDAwMDAwMDAwMDAsImRlbGV0ZSI6NjAwMDAwMDAwMDAwLCJ1cGRhdGUiOjYwMDAwMDAwMDAwMH19",
          "dependencies": [
            "yandex_alb_http_router.web-servers-router",
            "yandex_vpc_network.bastion-network",
            "yandex_vpc_security_group.alb-sg",
            "yandex_vpc_security_group.alb-vm-sg",
            "yandex_vpc_security_group.egress-sg",
            "yandex_vpc_security_group.external-ssh-sg",
            "yandex_vpc_security_group.internal-ssh-sg",
            "yandex_vpc_subnet.bastion-external-segment"
          ]
        }
      ]
    },
    {
      "mode": "managed",
      "type": "yandex_alb_target_group",
      "name": "tg-web",
      "provider": "provider[\"registry.terraform.io/yandex-cloud/yandex\"]",
      "instances": [
        {
          "schema_version": 0,
          "attributes": {
            "created_at": "2024-04-13T12:44:19Z",
            "description": "",
            "folder_id": "b1gom662a1nlt3u5u012",
            "id": "ds70dalfnv5o5pi1a8nh",
            "labels": null,
            "name": "tg-web",
            "target": [
              {
                "ip_address": "192.168.10.10",
                "private_ipv4_address": false,
                "subnet_id": "e9b09kc5083ejkspo6lj"
              },
              {
                "ip_address": "192.168.10.20",
                "private_ipv4_address": false,
                "subnet_id": "e9b09kc5083ejkspo6lj"
              }
            ],
            "timeouts": null
          },
          "sensitive_attributes": [],
          "private": "eyJlMmJmYjczMC1lY2FhLTExZTYtOGY4OC0zNDM2M2JjN2M0YzAiOnsiY3JlYXRlIjozMDAwMDAwMDAwMDAsImRlbGV0ZSI6MzAwMDAwMDAwMDAwLCJ1cGRhdGUiOjMwMDAwMDAwMDAwMH19",
          "dependencies": [
            "yandex_compute_instance.webserver-1",
            "yandex_compute_instance.webserver-2",
            "yandex_vpc_gateway.nat_gateway",
            "yandex_vpc_network.bastion-network",
            "yandex_vpc_route_table.rt",
            "yandex_vpc_security_group.alb-sg",
            "yandex_vpc_security_group.alb-vm-sg",
            "yandex_vpc_security_group.egress-sg",
            "yandex_vpc_security_group.internal-ssh-sg",
            "yandex_vpc_security_group.zabbix-server-sg",
            "yandex_vpc_security_group.zabbix-sg",
            "yandex_vpc_subnet.bastion-external-segment",
            "yandex_vpc_subnet.bastion-internal-segment"
          ]
        }
      ]
    },
    {
      "mode": "managed",
      "type": "yandex_alb_virtual_host",
      "name": "alb-host",
      "provider": "provider[\"registry.terraform.io/yandex-cloud/yandex\"]",
      "instances": [
        {
          "schema_version": 0,
          "attributes": {
            "authority": null,
            "http_router_id": "ds72ltbef9624v6a6s0t",
            "id": "ds72ltbef9624v6a6s0t/alb-host",
            "modify_request_headers": [],
            "modify_response_headers": [],
            "name": "alb-host",
            "route": [
              {
                "grpc_route": [],
                "http_route": [
                  {
                    "direct_response_action": [],
                    "http_match": [],
                    "http_route_action": [
                      {
                        "auto_host_rewrite": false,
                        "backend_group_id": "ds7hbgrns0shlpl1h27o",
                        "host_rewrite": "",
                        "idle_timeout": "",
                        "prefix_rewrite": "",
                        "timeout": "1m0s",
                        "upgrade_types": null
                      }
                    ],
                    "redirect_action": []
                  }
                ],
                "name": "my-route",
                "route_options": []
              }
            ],
            "route_options": [],
            "timeouts": null
          },
          "sensitive_attributes": [],
          "private": "eyJlMmJmYjczMC1lY2FhLTExZTYtOGY4OC0zNDM2M2JjN2M0YzAiOnsiY3JlYXRlIjozMDAwMDAwMDAwMDAsImRlbGV0ZSI6MzAwMDAwMDAwMDAwLCJ1cGRhdGUiOjMwMDAwMDAwMDAwMH19",
          "dependencies": [
            "yandex_alb_backend_group.alb-bg",
            "yandex_alb_http_router.web-servers-router",
            "yandex_alb_target_group.tg-web",
            "yandex_compute_instance.webserver-1",
            "yandex_compute_instance.webserver-2",
            "yandex_vpc_gateway.nat_gateway",
            "yandex_vpc_network.bastion-network",
            "yandex_vpc_route_table.rt",
            "yandex_vpc_security_group.alb-sg",
            "yandex_vpc_security_group.alb-vm-sg",
            "yandex_vpc_security_group.egress-sg",
            "yandex_vpc_security_group.internal-ssh-sg",
            "yandex_vpc_security_group.zabbix-server-sg",
            "yandex_vpc_security_group.zabbix-sg",
            "yandex_vpc_subnet.bastion-external-segment",
            "yandex_vpc_subnet.bastion-internal-segment"
          ]
        }
      ]
    },
    {
      "mode": "managed",
      "type": "yandex_compute_instance",
      "name": "bastion",
      "provider": "provider[\"registry.terraform.io/yandex-cloud/yandex\"]",
      "instances": [
        {
          "schema_version": 1,
          "attributes": {
            "allow_recreate": null,
            "allow_stopping_for_update": true,
            "boot_disk": [
              {
                "auto_delete": true,
                "device_name": "fhmlkig13ogb2ugm5uro",
                "disk_id": "fhmlkig13ogb2ugm5uro",
                "initialize_params": [
                  {
                    "block_size": 4096,
                    "description": "",
                    "image_id": "fd8s4upujl9u40j5p77l",
                    "name": "",
                    "size": 12,
                    "snapshot_id": "",
                    "type": "network-hdd"
                  }
                ],
                "mode": "READ_WRITE"
              }
            ],
            "created_at": "2024-04-13T12:43:38Z",
            "description": "",
            "filesystem": [],
            "folder_id": "b1gom662a1nlt3u5u012",
            "fqdn": "bastion.ru-central1.internal",
            "gpu_cluster_id": "",
            "hostname": "bastion",
            "id": "fhmlnqa6dc8st5f262ea",
            "labels": null,
            "local_disk": [],
            "maintenance_grace_period": "",
            "maintenance_policy": null,
            "metadata": {
              "user-data": "#cloud-config\nusers:\n  - name: user\n    groups: sudo\n    shell: /bin/bash\n    sudo: 'ALL=(ALL) NOPASSWD:ALL'\n    ssh_authorized_keys:\n      - ssh-ed25519 AAAAC3NzaC1lZDI1NTE5AAAAIIKEGQoTL55s2qPgbVtIcqdDNEKQS+MT/wrQ26K7Aneh vboxuser@ubuntu-diplom\n"
            },
            "metadata_options": [
              {
                "aws_v1_http_endpoint": 1,
                "aws_v1_http_token": 2,
                "gce_http_endpoint": 1,
                "gce_http_token": 1
              }
            ],
            "name": "bastion",
            "network_acceleration_type": "standard",
            "network_interface": [
              {
                "dns_record": [],
                "index": 0,
                "ip_address": "192.168.50.10",
                "ipv4": true,
                "ipv6": false,
                "ipv6_address": "",
                "ipv6_dns_record": [],
                "mac_address": "d0:0d:15:be:94:66",
                "nat": true,
                "nat_dns_record": [],
                "nat_ip_address": "158.160.50.177",
                "nat_ip_version": "IPV4",
                "security_group_ids": [
                  "enpb5c4e45haaomgi4mp",
                  "enpe83v4471itlk8h0p7",
                  "enpkci57ec50ne1r3rkn",
                  "enpq09ntn5k5p08jd5op"
                ],
                "subnet_id": "e9bf8i19hiepv05d5tjm"
              }
            ],
            "placement_policy": [
              {
                "host_affinity_rules": [],
                "placement_group_id": "",
                "placement_group_partition": 0
              }
            ],
            "platform_id": "standard-v1",
            "resources": [
              {
                "core_fraction": 20,
                "cores": 2,
                "gpus": 0,
                "memory": 2
              }
            ],
            "scheduling_policy": [
              {
                "preemptible": true
              }
            ],
            "secondary_disk": [],
            "service_account_id": "",
            "status": "running",
            "timeouts": null,
            "zone": "ru-central1-a"
          },
          "sensitive_attributes": [],
          "private": "eyJlMmJmYjczMC1lY2FhLTExZTYtOGY4OC0zNDM2M2JjN2M0YzAiOnsiY3JlYXRlIjozMDAwMDAwMDAwMDAsImRlbGV0ZSI6MzAwMDAwMDAwMDAwLCJ1cGRhdGUiOjMwMDAwMDAwMDAwMH0sInNjaGVtYV92ZXJzaW9uIjoiMSJ9",
          "dependencies": [
            "yandex_vpc_gateway.nat_gateway",
            "yandex_vpc_network.bastion-network",
            "yandex_vpc_route_table.rt",
            "yandex_vpc_security_group.egress-sg",
            "yandex_vpc_security_group.external-ssh-sg",
            "yandex_vpc_security_group.internal-ssh-sg",
            "yandex_vpc_security_group.zabbix-server-sg",
            "yandex_vpc_security_group.zabbix-sg",
            "yandex_vpc_subnet.bastion-external-segment",
            "yandex_vpc_subnet.bastion-internal-segment"
          ]
        }
      ]
    },
    {
      "mode": "managed",
      "type": "yandex_compute_instance",
      "name": "elasticsearch",
      "provider": "provider[\"registry.terraform.io/yandex-cloud/yandex\"]",
      "instances": [
        {
          "schema_version": 1,
          "attributes": {
            "allow_recreate": null,
            "allow_stopping_for_update": true,
            "boot_disk": [
              {
                "auto_delete": true,
                "device_name": "fhm8k1a27pr0jm08npb0",
                "disk_id": "fhm8k1a27pr0jm08npb0",
                "initialize_params": [
                  {
                    "block_size": 4096,
                    "description": "",
                    "image_id": "fd8s4upujl9u40j5p77l",
                    "name": "",
                    "size": 12,
                    "snapshot_id": "",
                    "type": "network-hdd"
                  }
                ],
                "mode": "READ_WRITE"
              }
            ],
            "created_at": "2024-04-13T12:43:38Z",
            "description": "",
            "filesystem": [],
            "folder_id": "b1gom662a1nlt3u5u012",
            "fqdn": "elasticsearch.ru-central1.internal",
            "gpu_cluster_id": "",
            "hostname": "elasticsearch",
            "id": "fhmdv5i6p3ts6f9d18h7",
            "labels": null,
            "local_disk": [],
            "maintenance_grace_period": "",
            "maintenance_policy": null,
            "metadata": {
              "user-data": "#cloud-config\nusers:\n  - name: user\n    groups: sudo\n    shell: /bin/bash\n    sudo: 'ALL=(ALL) NOPASSWD:ALL'\n    ssh_authorized_keys:\n      - ssh-ed25519 AAAAC3NzaC1lZDI1NTE5AAAAIIKEGQoTL55s2qPgbVtIcqdDNEKQS+MT/wrQ26K7Aneh vboxuser@ubuntu-diplom\n"
            },
            "metadata_options": [
              {
                "aws_v1_http_endpoint": 1,
                "aws_v1_http_token": 2,
                "gce_http_endpoint": 1,
                "gce_http_token": 1
              }
            ],
            "name": "elasticsearch",
            "network_acceleration_type": "standard",
            "network_interface": [
              {
                "dns_record": [],
                "index": 0,
                "ip_address": "192.168.10.30",
                "ipv4": true,
                "ipv6": false,
                "ipv6_address": "",
                "ipv6_dns_record": [],
                "mac_address": "d0:0d:df:96:46:c8",
                "nat": false,
                "nat_dns_record": [],
                "nat_ip_address": "",
                "nat_ip_version": "",
                "security_group_ids": [
                  "enpb5c4e45haaomgi4mp",
                  "enpb74oj59ipb08ksmav",
                  "enpe83v4471itlk8h0p7",
                  "enpkci57ec50ne1r3rkn",
                  "enpq09ntn5k5p08jd5op"
                ],
                "subnet_id": "e9b09kc5083ejkspo6lj"
              }
            ],
            "placement_policy": [
              {
                "host_affinity_rules": [],
                "placement_group_id": "",
                "placement_group_partition": 0
              }
            ],
            "platform_id": "standard-v1",
            "resources": [
              {
                "core_fraction": 20,
                "cores": 2,
                "gpus": 0,
                "memory": 2
              }
            ],
            "scheduling_policy": [
              {
                "preemptible": true
              }
            ],
            "secondary_disk": [],
            "service_account_id": "",
            "status": "running",
            "timeouts": null,
            "zone": "ru-central1-a"
          },
          "sensitive_attributes": [],
          "private": "eyJlMmJmYjczMC1lY2FhLTExZTYtOGY4OC0zNDM2M2JjN2M0YzAiOnsiY3JlYXRlIjozMDAwMDAwMDAwMDAsImRlbGV0ZSI6MzAwMDAwMDAwMDAwLCJ1cGRhdGUiOjMwMDAwMDAwMDAwMH0sInNjaGVtYV92ZXJzaW9uIjoiMSJ9",
          "dependencies": [
            "yandex_vpc_gateway.nat_gateway",
            "yandex_vpc_network.bastion-network",
            "yandex_vpc_route_table.rt",
            "yandex_vpc_security_group.egress-sg",
            "yandex_vpc_security_group.elastic-sg",
            "yandex_vpc_security_group.external-ssh-sg",
            "yandex_vpc_security_group.internal-ssh-sg",
            "yandex_vpc_security_group.zabbix-server-sg",
            "yandex_vpc_security_group.zabbix-sg",
            "yandex_vpc_subnet.bastion-external-segment",
            "yandex_vpc_subnet.bastion-internal-segment"
          ]
        }
      ]
    },
    {
      "mode": "managed",
      "type": "yandex_compute_instance",
      "name": "kibana",
      "provider": "provider[\"registry.terraform.io/yandex-cloud/yandex\"]",
      "instances": [
        {
          "schema_version": 1,
          "attributes": {
            "allow_recreate": null,
            "allow_stopping_for_update": true,
            "boot_disk": [
              {
                "auto_delete": true,
                "device_name": "fhmaidltr6foobsf1fmc",
                "disk_id": "fhmaidltr6foobsf1fmc",
                "initialize_params": [
                  {
                    "block_size": 4096,
                    "description": "",
                    "image_id": "fd8s4upujl9u40j5p77l",
                    "name": "",
                    "size": 12,
                    "snapshot_id": "",
                    "type": "network-hdd"
                  }
                ],
                "mode": "READ_WRITE"
              }
            ],
            "created_at": "2024-04-13T12:43:38Z",
            "description": "",
            "filesystem": [],
            "folder_id": "b1gom662a1nlt3u5u012",
            "fqdn": "kibana.ru-central1.internal",
            "gpu_cluster_id": "",
            "hostname": "kibana",
            "id": "fhm0prf4j9bfhhehtjon",
            "labels": null,
            "local_disk": [],
            "maintenance_grace_period": "",
            "maintenance_policy": null,
            "metadata": {
              "user-data": "#cloud-config\nusers:\n  - name: user\n    groups: sudo\n    shell: /bin/bash\n    sudo: 'ALL=(ALL) NOPASSWD:ALL'\n    ssh_authorized_keys:\n      - ssh-ed25519 AAAAC3NzaC1lZDI1NTE5AAAAIIKEGQoTL55s2qPgbVtIcqdDNEKQS+MT/wrQ26K7Aneh vboxuser@ubuntu-diplom\n"
            },
            "metadata_options": [
              {
                "aws_v1_http_endpoint": 1,
                "aws_v1_http_token": 2,
                "gce_http_endpoint": 1,
                "gce_http_token": 1
              }
            ],
            "name": "kibana",
            "network_acceleration_type": "standard",
            "network_interface": [
              {
                "dns_record": [],
                "index": 0,
                "ip_address": "192.168.50.30",
                "ipv4": true,
                "ipv6": false,
                "ipv6_address": "",
                "ipv6_dns_record": [],
                "mac_address": "d0:0d:ce:de:49:a5",
                "nat": true,
                "nat_dns_record": [],
                "nat_ip_address": "158.160.107.173",
                "nat_ip_version": "IPV4",
                "security_group_ids": [
                  "enp6ls7mhbb2ohobjtn0",
                  "enpb5c4e45haaomgi4mp",
                  "enpe83v4471itlk8h0p7",
                  "enpkci57ec50ne1r3rkn",
                  "enpq09ntn5k5p08jd5op"
                ],
                "subnet_id": "e9bf8i19hiepv05d5tjm"
              }
            ],
            "placement_policy": [
              {
                "host_affinity_rules": [],
                "placement_group_id": "",
                "placement_group_partition": 0
              }
            ],
            "platform_id": "standard-v1",
            "resources": [
              {
                "core_fraction": 20,
                "cores": 2,
                "gpus": 0,
                "memory": 2
              }
            ],
            "scheduling_policy": [
              {
                "preemptible": true
              }
            ],
            "secondary_disk": [],
            "service_account_id": "",
            "status": "running",
            "timeouts": null,
            "zone": "ru-central1-a"
          },
          "sensitive_attributes": [],
          "private": "eyJlMmJmYjczMC1lY2FhLTExZTYtOGY4OC0zNDM2M2JjN2M0YzAiOnsiY3JlYXRlIjozMDAwMDAwMDAwMDAsImRlbGV0ZSI6MzAwMDAwMDAwMDAwLCJ1cGRhdGUiOjMwMDAwMDAwMDAwMH0sInNjaGVtYV92ZXJzaW9uIjoiMSJ9",
          "dependencies": [
            "yandex_vpc_gateway.nat_gateway",
            "yandex_vpc_network.bastion-network",
            "yandex_vpc_route_table.rt",
            "yandex_vpc_security_group.egress-sg",
            "yandex_vpc_security_group.external-ssh-sg",
            "yandex_vpc_security_group.internal-ssh-sg",
            "yandex_vpc_security_group.kibana-sg",
            "yandex_vpc_security_group.zabbix-server-sg",
            "yandex_vpc_security_group.zabbix-sg",
            "yandex_vpc_subnet.bastion-external-segment",
            "yandex_vpc_subnet.bastion-internal-segment"
          ]
        }
      ]
    },
    {
      "mode": "managed",
      "type": "yandex_compute_instance",
      "name": "webserver-1",
      "provider": "provider[\"registry.terraform.io/yandex-cloud/yandex\"]",
      "instances": [
        {
          "schema_version": 1,
          "attributes": {
            "allow_recreate": null,
            "allow_stopping_for_update": true,
            "boot_disk": [
              {
                "auto_delete": true,
                "device_name": "fhm9ir5nvbt0bbtuabol",
                "disk_id": "fhm9ir5nvbt0bbtuabol",
                "initialize_params": [
                  {
                    "block_size": 4096,
                    "description": "",
                    "image_id": "fd8s4upujl9u40j5p77l",
                    "name": "",
                    "size": 12,
                    "snapshot_id": "",
                    "type": "network-hdd"
                  }
                ],
                "mode": "READ_WRITE"
              }
            ],
            "created_at": "2024-04-13T12:43:37Z",
            "description": "",
            "filesystem": [],
            "folder_id": "b1gom662a1nlt3u5u012",
            "fqdn": "webserver-1.ru-central1.internal",
            "gpu_cluster_id": "",
            "hostname": "webserver-1",
            "id": "fhmrci462bc3dhs7q7pn",
            "labels": null,
            "local_disk": [],
            "maintenance_grace_period": "",
            "maintenance_policy": null,
            "metadata": {
              "user-data": "#cloud-config\nusers:\n  - name: user\n    groups: sudo\n    shell: /bin/bash\n    sudo: 'ALL=(ALL) NOPASSWD:ALL'\n    ssh_authorized_keys:\n      - ssh-ed25519 AAAAC3NzaC1lZDI1NTE5AAAAIIKEGQoTL55s2qPgbVtIcqdDNEKQS+MT/wrQ26K7Aneh vboxuser@ubuntu-diplom\n"
            },
            "metadata_options": [
              {
                "aws_v1_http_endpoint": 1,
                "aws_v1_http_token": 2,
                "gce_http_endpoint": 1,
                "gce_http_token": 1
              }
            ],
            "name": "webserver-1",
            "network_acceleration_type": "standard",
            "network_interface": [
              {
                "dns_record": [],
                "index": 0,
                "ip_address": "192.168.10.10",
                "ipv4": true,
                "ipv6": false,
                "ipv6_address": "",
                "ipv6_dns_record": [],
                "mac_address": "d0:0d:1b:64:88:61",
                "nat": false,
                "nat_dns_record": [],
                "nat_ip_address": "",
                "nat_ip_version": "",
                "security_group_ids": [
                  "enpb5c4e45haaomgi4mp",
                  "enpe83v4471itlk8h0p7",
                  "enpk1bd7r6mbd9b3reuh",
                  "enpq09ntn5k5p08jd5op"
                ],
                "subnet_id": "e9b09kc5083ejkspo6lj"
              }
            ],
            "placement_policy": [
              {
                "host_affinity_rules": [],
                "placement_group_id": "",
                "placement_group_partition": 0
              }
            ],
            "platform_id": "standard-v1",
            "resources": [
              {
                "core_fraction": 20,
                "cores": 2,
                "gpus": 0,
                "memory": 2
              }
            ],
            "scheduling_policy": [
              {
                "preemptible": true
              }
            ],
            "secondary_disk": [],
            "service_account_id": "",
            "status": "running",
            "timeouts": null,
            "zone": "ru-central1-a"
          },
          "sensitive_attributes": [],
          "private": "eyJlMmJmYjczMC1lY2FhLTExZTYtOGY4OC0zNDM2M2JjN2M0YzAiOnsiY3JlYXRlIjozMDAwMDAwMDAwMDAsImRlbGV0ZSI6MzAwMDAwMDAwMDAwLCJ1cGRhdGUiOjMwMDAwMDAwMDAwMH0sInNjaGVtYV92ZXJzaW9uIjoiMSJ9",
          "dependencies": [
            "yandex_vpc_gateway.nat_gateway",
            "yandex_vpc_network.bastion-network",
            "yandex_vpc_route_table.rt",
            "yandex_vpc_security_group.alb-sg",
            "yandex_vpc_security_group.alb-vm-sg",
            "yandex_vpc_security_group.egress-sg",
            "yandex_vpc_security_group.internal-ssh-sg",
            "yandex_vpc_security_group.zabbix-server-sg",
            "yandex_vpc_security_group.zabbix-sg",
            "yandex_vpc_subnet.bastion-external-segment",
            "yandex_vpc_subnet.bastion-internal-segment"
          ]
        }
      ]
    },
    {
      "mode": "managed",
      "type": "yandex_compute_instance",
      "name": "webserver-2",
      "provider": "provider[\"registry.terraform.io/yandex-cloud/yandex\"]",
      "instances": [
        {
          "schema_version": 1,
          "attributes": {
            "allow_recreate": null,
            "allow_stopping_for_update": true,
            "boot_disk": [
              {
                "auto_delete": true,
                "device_name": "fhmc483h3m5t7fgsffkg",
                "disk_id": "fhmc483h3m5t7fgsffkg",
                "initialize_params": [
                  {
                    "block_size": 4096,
                    "description": "",
                    "image_id": "fd8s4upujl9u40j5p77l",
                    "name": "",
                    "size": 10,
                    "snapshot_id": "",
                    "type": "network-hdd"
                  }
                ],
                "mode": "READ_WRITE"
              }
            ],
            "created_at": "2024-04-13T12:43:37Z",
            "description": "",
            "filesystem": [],
            "folder_id": "b1gom662a1nlt3u5u012",
            "fqdn": "webserver-2.ru-central1.internal",
            "gpu_cluster_id": "",
            "hostname": "webserver-2",
            "id": "fhm0fpd20mncug4tuqg3",
            "labels": null,
            "local_disk": [],
            "maintenance_grace_period": "",
            "maintenance_policy": null,
            "metadata": {
              "user-data": "#cloud-config\nusers:\n  - name: user\n    groups: sudo\n    shell: /bin/bash\n    sudo: 'ALL=(ALL) NOPASSWD:ALL'\n    ssh_authorized_keys:\n      - ssh-ed25519 AAAAC3NzaC1lZDI1NTE5AAAAIIKEGQoTL55s2qPgbVtIcqdDNEKQS+MT/wrQ26K7Aneh vboxuser@ubuntu-diplom\n"
            },
            "metadata_options": [
              {
                "aws_v1_http_endpoint": 1,
                "aws_v1_http_token": 2,
                "gce_http_endpoint": 1,
                "gce_http_token": 1
              }
            ],
            "name": "webserver-2",
            "network_acceleration_type": "standard",
            "network_interface": [
              {
                "dns_record": [],
                "index": 0,
                "ip_address": "192.168.10.20",
                "ipv4": true,
                "ipv6": false,
                "ipv6_address": "",
                "ipv6_dns_record": [],
                "mac_address": "d0:0d:7e:5a:20:5a",
                "nat": false,
                "nat_dns_record": [],
                "nat_ip_address": "",
                "nat_ip_version": "",
                "security_group_ids": [
                  "enpb5c4e45haaomgi4mp",
                  "enpe83v4471itlk8h0p7",
                  "enpk1bd7r6mbd9b3reuh",
                  "enpq09ntn5k5p08jd5op"
                ],
                "subnet_id": "e9b09kc5083ejkspo6lj"
              }
            ],
            "placement_policy": [
              {
                "host_affinity_rules": [],
                "placement_group_id": "",
                "placement_group_partition": 0
              }
            ],
            "platform_id": "standard-v1",
            "resources": [
              {
                "core_fraction": 20,
                "cores": 2,
                "gpus": 0,
                "memory": 2
              }
            ],
            "scheduling_policy": [
              {
                "preemptible": true
              }
            ],
            "secondary_disk": [],
            "service_account_id": "",
            "status": "running",
            "timeouts": null,
            "zone": "ru-central1-a"
          },
          "sensitive_attributes": [],
          "private": "eyJlMmJmYjczMC1lY2FhLTExZTYtOGY4OC0zNDM2M2JjN2M0YzAiOnsiY3JlYXRlIjozMDAwMDAwMDAwMDAsImRlbGV0ZSI6MzAwMDAwMDAwMDAwLCJ1cGRhdGUiOjMwMDAwMDAwMDAwMH0sInNjaGVtYV92ZXJzaW9uIjoiMSJ9",
          "dependencies": [
            "yandex_vpc_gateway.nat_gateway",
            "yandex_vpc_network.bastion-network",
            "yandex_vpc_route_table.rt",
            "yandex_vpc_security_group.alb-sg",
            "yandex_vpc_security_group.alb-vm-sg",
            "yandex_vpc_security_group.egress-sg",
            "yandex_vpc_security_group.internal-ssh-sg",
            "yandex_vpc_security_group.zabbix-server-sg",
            "yandex_vpc_security_group.zabbix-sg",
            "yandex_vpc_subnet.bastion-external-segment",
            "yandex_vpc_subnet.bastion-internal-segment"
          ]
        }
      ]
    },
    {
      "mode": "managed",
      "type": "yandex_compute_instance",
      "name": "zabbix-server",
      "provider": "provider[\"registry.terraform.io/yandex-cloud/yandex\"]",
      "instances": [
        {
          "schema_version": 1,
          "attributes": {
            "allow_recreate": null,
            "allow_stopping_for_update": true,
            "boot_disk": [
              {
                "auto_delete": true,
                "device_name": "fhmehkbgd7j0lfrursm4",
                "disk_id": "fhmehkbgd7j0lfrursm4",
                "initialize_params": [
                  {
                    "block_size": 4096,
                    "description": "",
                    "image_id": "fd8s4upujl9u40j5p77l",
                    "name": "",
                    "size": 12,
                    "snapshot_id": "",
                    "type": "network-hdd"
                  }
                ],
                "mode": "READ_WRITE"
              }
            ],
            "created_at": "2024-04-13T12:43:38Z",
            "description": "",
            "filesystem": [],
            "folder_id": "b1gom662a1nlt3u5u012",
            "fqdn": "zabbix-server.ru-central1.internal",
            "gpu_cluster_id": "",
            "hostname": "zabbix-server",
            "id": "fhm1rdu590klh5c95bq1",
            "labels": null,
            "local_disk": [],
            "maintenance_grace_period": "",
            "maintenance_policy": null,
            "metadata": {
              "user-data": "#cloud-config\nusers:\n  - name: user\n    groups: sudo\n    shell: /bin/bash\n    sudo: 'ALL=(ALL) NOPASSWD:ALL'\n    ssh_authorized_keys:\n      - ssh-ed25519 AAAAC3NzaC1lZDI1NTE5AAAAIIKEGQoTL55s2qPgbVtIcqdDNEKQS+MT/wrQ26K7Aneh vboxuser@ubuntu-diplom\n"
            },
            "metadata_options": [
              {
                "aws_v1_http_endpoint": 1,
                "aws_v1_http_token": 2,
                "gce_http_endpoint": 1,
                "gce_http_token": 1
              }
            ],
            "name": "zabbix-server",
            "network_acceleration_type": "standard",
            "network_interface": [
              {
                "dns_record": [],
                "index": 0,
                "ip_address": "192.168.50.20",
                "ipv4": true,
                "ipv6": false,
                "ipv6_address": "",
                "ipv6_dns_record": [],
                "mac_address": "d0:0d:1d:b7:c5:48",
                "nat": true,
                "nat_dns_record": [],
                "nat_ip_address": "51.250.10.170",
                "nat_ip_version": "IPV4",
                "security_group_ids": [
                  "enpb5c4e45haaomgi4mp",
                  "enpe83v4471itlk8h0p7",
                  "enpftv5nvk2jlh551bk4",
                  "enpkci57ec50ne1r3rkn"
                ],
                "subnet_id": "e9bf8i19hiepv05d5tjm"
              }
            ],
            "placement_policy": [
              {
                "host_affinity_rules": [],
                "placement_group_id": "",
                "placement_group_partition": 0
              }
            ],
            "platform_id": "standard-v1",
            "resources": [
              {
                "core_fraction": 20,
                "cores": 2,
                "gpus": 0,
                "memory": 2
              }
            ],
            "scheduling_policy": [
              {
                "preemptible": true
              }
            ],
            "secondary_disk": [],
            "service_account_id": "",
            "status": "running",
            "timeouts": null,
            "zone": "ru-central1-a"
          },
          "sensitive_attributes": [],
          "private": "eyJlMmJmYjczMC1lY2FhLTExZTYtOGY4OC0zNDM2M2JjN2M0YzAiOnsiY3JlYXRlIjozMDAwMDAwMDAwMDAsImRlbGV0ZSI6MzAwMDAwMDAwMDAwLCJ1cGRhdGUiOjMwMDAwMDAwMDAwMH0sInNjaGVtYV92ZXJzaW9uIjoiMSJ9",
          "dependencies": [
            "yandex_vpc_gateway.nat_gateway",
            "yandex_vpc_network.bastion-network",
            "yandex_vpc_route_table.rt",
            "yandex_vpc_security_group.egress-sg",
            "yandex_vpc_security_group.external-ssh-sg",
            "yandex_vpc_security_group.internal-ssh-sg",
            "yandex_vpc_security_group.zabbix-server-sg",
            "yandex_vpc_subnet.bastion-external-segment",
            "yandex_vpc_subnet.bastion-internal-segment"
          ]
        }
      ]
    },
    {
      "mode": "managed",
      "type": "yandex_compute_snapshot_schedule",
      "name": "snapshot",
      "provider": "provider[\"registry.terraform.io/yandex-cloud/yandex\"]",
      "instances": [
        {
          "schema_version": 0,
          "attributes": {
            "created_at": "2024-04-13T12:44:46Z",
            "description": "",
            "disk_ids": [
              "fhm8k1a27pr0jm08npb0",
              "fhm9ir5nvbt0bbtuabol",
              "fhmaidltr6foobsf1fmc",
              "fhmehkbgd7j0lfrursm4",
              "fhmlkig13ogb2ugm5uro"
            ],
            "folder_id": "b1gom662a1nlt3u5u012",
            "id": "fd82db8jk9p80trc4qpq",
            "labels": null,
            "name": "snapshot",
            "retention_period": "",
            "schedule_policy": [
              {
                "expression": "0 15 ? * *",
                "start_at": "1970-01-01T00:00:00Z"
              }
            ],
            "snapshot_count": 7,
            "snapshot_spec": [
              {
                "description": "daily-snapshot",
                "labels": null
              }
            ],
            "status": "active",
            "timeouts": null
          },
          "sensitive_attributes": [],
          "private": "eyJlMmJmYjczMC1lY2FhLTExZTYtOGY4OC0zNDM2M2JjN2M0YzAiOnsiY3JlYXRlIjozMDAwMDAwMDAwMDAsImRlbGV0ZSI6MzAwMDAwMDAwMDAwLCJ1cGRhdGUiOjMwMDAwMDAwMDAwMH19",
          "dependencies": [
            "yandex_compute_instance.bastion",
            "yandex_compute_instance.elasticsearch",
            "yandex_compute_instance.kibana",
            "yandex_compute_instance.webserver-1",
            "yandex_compute_instance.zabbix-server",
            "yandex_vpc_gateway.nat_gateway",
            "yandex_vpc_network.bastion-network",
            "yandex_vpc_route_table.rt",
            "yandex_vpc_security_group.alb-sg",
            "yandex_vpc_security_group.alb-vm-sg",
            "yandex_vpc_security_group.egress-sg",
            "yandex_vpc_security_group.elastic-sg",
            "yandex_vpc_security_group.external-ssh-sg",
            "yandex_vpc_security_group.internal-ssh-sg",
            "yandex_vpc_security_group.kibana-sg",
            "yandex_vpc_security_group.zabbix-server-sg",
            "yandex_vpc_security_group.zabbix-sg",
            "yandex_vpc_subnet.bastion-external-segment",
            "yandex_vpc_subnet.bastion-internal-segment"
          ]
        }
      ]
    },
    {
      "mode": "managed",
      "type": "yandex_vpc_gateway",
      "name": "nat_gateway",
      "provider": "provider[\"registry.terraform.io/yandex-cloud/yandex\"]",
      "instances": [
        {
          "schema_version": 0,
          "attributes": {
            "created_at": "2024-04-13T12:43:22Z",
            "description": "",
            "folder_id": "b1gom662a1nlt3u5u012",
            "id": "enpkq1j4v7i7283m8bge",
            "labels": {},
            "name": "nat-gateway",
            "shared_egress_gateway": [
              {}
            ],
            "timeouts": null
          },
          "sensitive_attributes": [],
          "private": "eyJlMmJmYjczMC1lY2FhLTExZTYtOGY4OC0zNDM2M2JjN2M0YzAiOnsiY3JlYXRlIjo2MDAwMDAwMDAwMCwiZGVsZXRlIjo2MDAwMDAwMDAwMCwidXBkYXRlIjo2MDAwMDAwMDAwMH19"
        }
      ]
    },
    {
      "mode": "managed",
      "type": "yandex_vpc_network",
      "name": "bastion-network",
      "provider": "provider[\"registry.terraform.io/yandex-cloud/yandex\"]",
      "instances": [
        {
          "schema_version": 0,
          "attributes": {
            "created_at": "2024-04-13T12:43:22Z",
            "default_security_group_id": "enpfc5ik05410pjmdujk",
            "description": "",
            "folder_id": "b1gom662a1nlt3u5u012",
            "id": "enpv8takndeourobkbr8",
            "labels": {},
            "name": "bastion-network",
            "subnet_ids": [],
            "timeouts": null
          },
          "sensitive_attributes": [],
          "private": "eyJlMmJmYjczMC1lY2FhLTExZTYtOGY4OC0zNDM2M2JjN2M0YzAiOnsiY3JlYXRlIjo2MDAwMDAwMDAwMCwiZGVsZXRlIjo2MDAwMDAwMDAwMCwidXBkYXRlIjo2MDAwMDAwMDAwMH19"
        }
      ]
    },
    {
      "mode": "managed",
      "type": "yandex_vpc_route_table",
      "name": "rt",
      "provider": "provider[\"registry.terraform.io/yandex-cloud/yandex\"]",
      "instances": [
        {
          "schema_version": 0,
          "attributes": {
            "created_at": "2024-04-13T12:43:25Z",
            "description": "",
            "folder_id": "b1gom662a1nlt3u5u012",
            "id": "enpanfp8aj949ru68e2o",
            "labels": {},
            "name": "rt",
            "network_id": "enpv8takndeourobkbr8",
            "static_route": [
              {
                "destination_prefix": "0.0.0.0/0",
                "gateway_id": "enpkq1j4v7i7283m8bge",
                "next_hop_address": ""
              }
            ],
            "timeouts": null
          },
          "sensitive_attributes": [],
          "private": "eyJlMmJmYjczMC1lY2FhLTExZTYtOGY4OC0zNDM2M2JjN2M0YzAiOnsiY3JlYXRlIjoxODAwMDAwMDAwMDAsImRlbGV0ZSI6MTgwMDAwMDAwMDAwLCJ1cGRhdGUiOjE4MDAwMDAwMDAwMH19",
          "dependencies": [
            "yandex_vpc_gateway.nat_gateway",
            "yandex_vpc_network.bastion-network"
          ]
        }
      ]
    },
    {
      "mode": "managed",
      "type": "yandex_vpc_security_group",
      "name": "alb-sg",
      "provider": "provider[\"registry.terraform.io/yandex-cloud/yandex\"]",
      "instances": [
        {
          "schema_version": 0,
          "attributes": {
            "created_at": "2024-04-13T12:43:27Z",
            "description": "",
            "egress": [],
            "folder_id": "b1gom662a1nlt3u5u012",
            "id": "enpphl81tnr67v9k194f",
            "ingress": [
              {
                "description": "",
                "from_port": -1,
                "id": "enpipv8dgnehph6j6m9m",
                "labels": {},
                "port": 80,
                "predefined_target": "",
                "protocol": "TCP",
                "security_group_id": "",
                "to_port": -1,
                "v4_cidr_blocks": [
                  "0.0.0.0/0"
                ],
                "v6_cidr_blocks": []
              },
              {
                "description": "healthchecks",
                "from_port": -1,
                "id": "enpl96d804edcl2m93t4",
                "labels": {},
                "port": 30080,
                "predefined_target": "loadbalancer_healthchecks",
                "protocol": "TCP",
                "security_group_id": "",
                "to_port": -1,
                "v4_cidr_blocks": [],
                "v6_cidr_blocks": []
              }
            ],
            "labels": {},
            "name": "alb-sg",
            "network_id": "enpv8takndeourobkbr8",
            "status": "ACTIVE",
            "timeouts": null
          },
          "sensitive_attributes": [],
          "private": "eyJlMmJmYjczMC1lY2FhLTExZTYtOGY4OC0zNDM2M2JjN2M0YzAiOnsiY3JlYXRlIjoxODAwMDAwMDAwMDAsImRlbGV0ZSI6MTgwMDAwMDAwMDAwLCJ1cGRhdGUiOjE4MDAwMDAwMDAwMH19",
          "dependencies": [
            "yandex_vpc_network.bastion-network"
          ]
        }
      ]
    },
    {
      "mode": "managed",
      "type": "yandex_vpc_security_group",
      "name": "alb-vm-sg",
      "provider": "provider[\"registry.terraform.io/yandex-cloud/yandex\"]",
      "instances": [
        {
          "schema_version": 0,
          "attributes": {
            "created_at": "2024-04-13T12:43:36Z",
            "description": "",
            "egress": [],
            "folder_id": "b1gom662a1nlt3u5u012",
            "id": "enpk1bd7r6mbd9b3reuh",
            "ingress": [
              {
                "description": "",
                "from_port": -1,
                "id": "enpn09dboroqkc3fp1up",
                "labels": {},
                "port": 80,
                "predefined_target": "",
                "protocol": "TCP",
                "security_group_id": "enpphl81tnr67v9k194f",
                "to_port": -1,
                "v4_cidr_blocks": [],
                "v6_cidr_blocks": []
              },
              {
                "description": "ssh",
                "from_port": -1,
                "id": "enpucao1rkkjo6ljhgau",
                "labels": {},
                "port": 22,
                "predefined_target": "",
                "protocol": "TCP",
                "security_group_id": "",
                "to_port": -1,
                "v4_cidr_blocks": [
                  "0.0.0.0/0"
                ],
                "v6_cidr_blocks": []
              }
            ],
            "labels": {},
            "name": "alb-vm-sg",
            "network_id": "enpv8takndeourobkbr8",
            "status": "ACTIVE",
            "timeouts": null
          },
          "sensitive_attributes": [],
          "private": "eyJlMmJmYjczMC1lY2FhLTExZTYtOGY4OC0zNDM2M2JjN2M0YzAiOnsiY3JlYXRlIjoxODAwMDAwMDAwMDAsImRlbGV0ZSI6MTgwMDAwMDAwMDAwLCJ1cGRhdGUiOjE4MDAwMDAwMDAwMH19",
          "dependencies": [
            "yandex_vpc_network.bastion-network",
            "yandex_vpc_security_group.alb-sg"
          ]
        }
      ]
    },
    {
      "mode": "managed",
      "type": "yandex_vpc_security_group",
      "name": "egress-sg",
      "provider": "provider[\"registry.terraform.io/yandex-cloud/yandex\"]",
      "instances": [
        {
          "schema_version": 0,
          "attributes": {
            "created_at": "2024-04-13T12:43:25Z",
            "description": "",
            "egress": [
              {
                "description": "",
                "from_port": 0,
                "id": "enpdpinqeg3a6qh9g0fn",
                "labels": {},
                "port": -1,
                "predefined_target": "",
                "protocol": "ANY",
                "security_group_id": "",
                "to_port": 65535,
                "v4_cidr_blocks": [
                  "0.0.0.0/0"
                ],
                "v6_cidr_blocks": []
              }
            ],
            "folder_id": "b1gom662a1nlt3u5u012",
            "id": "enpe83v4471itlk8h0p7",
            "ingress": [],
            "labels": {},
            "name": "egress-sg",
            "network_id": "enpv8takndeourobkbr8",
            "status": "ACTIVE",
            "timeouts": null
          },
          "sensitive_attributes": [],
          "private": "eyJlMmJmYjczMC1lY2FhLTExZTYtOGY4OC0zNDM2M2JjN2M0YzAiOnsiY3JlYXRlIjoxODAwMDAwMDAwMDAsImRlbGV0ZSI6MTgwMDAwMDAwMDAwLCJ1cGRhdGUiOjE4MDAwMDAwMDAwMH19",
          "dependencies": [
            "yandex_vpc_network.bastion-network"
          ]
        }
      ]
    },
    {
      "mode": "managed",
      "type": "yandex_vpc_security_group",
      "name": "elastic-sg",
      "provider": "provider[\"registry.terraform.io/yandex-cloud/yandex\"]",
      "instances": [
        {
          "schema_version": 0,
          "attributes": {
            "created_at": "2024-04-13T12:43:34Z",
            "description": "",
            "egress": [],
            "folder_id": "b1gom662a1nlt3u5u012",
            "id": "enpb74oj59ipb08ksmav",
            "ingress": [
              {
                "description": "",
                "from_port": -1,
                "id": "enp3labklda4a4thgjib",
                "labels": {},
                "port": 9200,
                "predefined_target": "",
                "protocol": "TCP",
                "security_group_id": "",
                "to_port": -1,
                "v4_cidr_blocks": [
                  "192.168.10.0/27"
                ],
                "v6_cidr_blocks": []
              },
              {
                "description": "",
                "from_port": -1,
                "id": "enp6bbreethv2f0v9utp",
                "labels": {},
                "port": 9200,
                "predefined_target": "",
                "protocol": "TCP",
                "security_group_id": "",
                "to_port": -1,
                "v4_cidr_blocks": [
                  "192.168.50.0/24"
                ],
                "v6_cidr_blocks": []
              },
              {
                "description": "",
                "from_port": -1,
                "id": "enpl4fsgsfpki578nkrj",
                "labels": {},
                "port": 9300,
                "predefined_target": "",
                "protocol": "TCP",
                "security_group_id": "",
                "to_port": -1,
                "v4_cidr_blocks": [
                  "192.168.10.0/27"
                ],
                "v6_cidr_blocks": []
              },
              {
                "description": "",
                "from_port": -1,
                "id": "enpuk1uhr6ccmefue3vu",
                "labels": {},
                "port": 9300,
                "predefined_target": "",
                "protocol": "TCP",
                "security_group_id": "",
                "to_port": -1,
                "v4_cidr_blocks": [
                  "192.168.50.0/24"
                ],
                "v6_cidr_blocks": []
              }
            ],
            "labels": {},
            "name": "elastic-sg",
            "network_id": "enpv8takndeourobkbr8",
            "status": "ACTIVE",
            "timeouts": null
          },
          "sensitive_attributes": [],
          "private": "eyJlMmJmYjczMC1lY2FhLTExZTYtOGY4OC0zNDM2M2JjN2M0YzAiOnsiY3JlYXRlIjoxODAwMDAwMDAwMDAsImRlbGV0ZSI6MTgwMDAwMDAwMDAwLCJ1cGRhdGUiOjE4MDAwMDAwMDAwMH19",
          "dependencies": [
            "yandex_vpc_gateway.nat_gateway",
            "yandex_vpc_network.bastion-network",
            "yandex_vpc_route_table.rt",
            "yandex_vpc_subnet.bastion-external-segment",
            "yandex_vpc_subnet.bastion-internal-segment"
          ]
        }
      ]
    },
    {
      "mode": "managed",
      "type": "yandex_vpc_security_group",
      "name": "external-ssh-sg",
      "provider": "provider[\"registry.terraform.io/yandex-cloud/yandex\"]",
      "instances": [
        {
          "schema_version": 0,
          "attributes": {
            "created_at": "2024-04-13T12:43:37Z",
            "description": "Внешний ssh//external ssh",
            "egress": [
              {
                "description": "Исходящий трафик TCP. на порт 22. на локальный SSH (internal-ssh-sg)",
                "from_port": -1,
                "id": "enp1kggffptsrlkmegbk",
                "labels": {},
                "port": 22,
                "predefined_target": "",
                "protocol": "TCP",
                "security_group_id": "enpb5c4e45haaomgi4mp",
                "to_port": -1,
                "v4_cidr_blocks": [],
                "v6_cidr_blocks": []
              },
              {
                "description": "Исходящий трафик любой. На любой адрес. На любой порт",
                "from_port": 0,
                "id": "enph8nvsvdp6v052snjj",
                "labels": {},
                "port": -1,
                "predefined_target": "",
                "protocol": "ANY",
                "security_group_id": "",
                "to_port": 65535,
                "v4_cidr_blocks": [
                  "0.0.0.0/0"
                ],
                "v6_cidr_blocks": []
              }
            ],
            "folder_id": "b1gom662a1nlt3u5u012",
            "id": "enpkci57ec50ne1r3rkn",
            "ingress": [
              {
                "description": "Входящий трафик TCP. из локального SSH (internal-ssh-sg). на 22й порт",
                "from_port": -1,
                "id": "enpaubcma8h4bm1tv2e1",
                "labels": {},
                "port": 22,
                "predefined_target": "",
                "protocol": "TCP",
                "security_group_id": "enpb5c4e45haaomgi4mp",
                "to_port": -1,
                "v4_cidr_blocks": [],
                "v6_cidr_blocks": []
              },
              {
                "description": "Входящий трафик TCP. с любого адреса. на порт 22",
                "from_port": -1,
                "id": "enpfh9qvam8u057d5jgt",
                "labels": {},
                "port": 22,
                "predefined_target": "",
                "protocol": "TCP",
                "security_group_id": "",
                "to_port": -1,
                "v4_cidr_blocks": [
                  "0.0.0.0/0"
                ],
                "v6_cidr_blocks": []
              }
            ],
            "labels": {},
            "name": "external-ssh-sg",
            "network_id": "enpv8takndeourobkbr8",
            "status": "ACTIVE",
            "timeouts": null
          },
          "sensitive_attributes": [],
          "private": "eyJlMmJmYjczMC1lY2FhLTExZTYtOGY4OC0zNDM2M2JjN2M0YzAiOnsiY3JlYXRlIjoxODAwMDAwMDAwMDAsImRlbGV0ZSI6MTgwMDAwMDAwMDAwLCJ1cGRhdGUiOjE4MDAwMDAwMDAwMH19",
          "dependencies": [
            "yandex_vpc_network.bastion-network",
            "yandex_vpc_security_group.internal-ssh-sg"
          ]
        }
      ]
    },
    {
      "mode": "managed",
      "type": "yandex_vpc_security_group",
      "name": "internal-ssh-sg",
      "provider": "provider[\"registry.terraform.io/yandex-cloud/yandex\"]",
      "instances": [
        {
          "schema_version": 0,
          "attributes": {
            "created_at": "2024-04-13T12:43:33Z",
            "description": "Внутренний локальный ssh/Internal ssh",
            "egress": [
              {
                "description": "Исходящий трафик TCP на 22й порт. Из пула локальных подсетей?",
                "from_port": -1,
                "id": "enp9uncg441rible99ap",
                "labels": {},
                "port": 22,
                "predefined_target": "",
                "protocol": "TCP",
                "security_group_id": "",
                "to_port": -1,
                "v4_cidr_blocks": [
                  "192.168.10.0/24"
                ],
                "v6_cidr_blocks": []
              },
              {
                "description": "Исходящий трафик только tcp на 22й порт",
                "from_port": 0,
                "id": "enpfrdl4p40qjmevp4pn",
                "labels": {},
                "port": -1,
                "predefined_target": "",
                "protocol": "ANY",
                "security_group_id": "",
                "to_port": 65535,
                "v4_cidr_blocks": [
                  "0.0.0.0/0"
                ],
                "v6_cidr_blocks": []
              }
            ],
            "folder_id": "b1gom662a1nlt3u5u012",
            "id": "enpb5c4e45haaomgi4mp",
            "ingress": [
              {
                "description": "Входящий трафик TCP на 22й порт. Из пула локальных подсетей?",
                "from_port": -1,
                "id": "enpvotka44rovboq4sha",
                "labels": {},
                "port": 22,
                "predefined_target": "",
                "protocol": "TCP",
                "security_group_id": "",
                "to_port": -1,
                "v4_cidr_blocks": [
                  "192.168.10.0/24"
                ],
                "v6_cidr_blocks": []
              }
            ],
            "labels": {},
            "name": "internal-ssh-sg",
            "network_id": "enpv8takndeourobkbr8",
            "status": "ACTIVE",
            "timeouts": null
          },
          "sensitive_attributes": [],
          "private": "eyJlMmJmYjczMC1lY2FhLTExZTYtOGY4OC0zNDM2M2JjN2M0YzAiOnsiY3JlYXRlIjoxODAwMDAwMDAwMDAsImRlbGV0ZSI6MTgwMDAwMDAwMDAwLCJ1cGRhdGUiOjE4MDAwMDAwMDAwMH19",
          "dependencies": [
            "yandex_vpc_network.bastion-network"
          ]
        }
      ]
    },
    {
      "mode": "managed",
      "type": "yandex_vpc_security_group",
      "name": "kibana-sg",
      "provider": "provider[\"registry.terraform.io/yandex-cloud/yandex\"]",
      "instances": [
        {
          "schema_version": 0,
          "attributes": {
            "created_at": "2024-04-13T12:43:32Z",
            "description": "",
            "egress": [],
            "folder_id": "b1gom662a1nlt3u5u012",
            "id": "enp6ls7mhbb2ohobjtn0",
            "ingress": [
              {
                "description": "",
                "from_port": -1,
                "id": "enpnh6t41s8jhjogu5ov",
                "labels": {},
                "port": 5601,
                "predefined_target": "",
                "protocol": "TCP",
                "security_group_id": "",
                "to_port": -1,
                "v4_cidr_blocks": [
                  "0.0.0.0/0"
                ],
                "v6_cidr_blocks": []
              }
            ],
            "labels": {},
            "name": "kibana-sg",
            "network_id": "enpv8takndeourobkbr8",
            "status": "ACTIVE",
            "timeouts": null
          },
          "sensitive_attributes": [],
          "private": "eyJlMmJmYjczMC1lY2FhLTExZTYtOGY4OC0zNDM2M2JjN2M0YzAiOnsiY3JlYXRlIjoxODAwMDAwMDAwMDAsImRlbGV0ZSI6MTgwMDAwMDAwMDAwLCJ1cGRhdGUiOjE4MDAwMDAwMDAwMH19",
          "dependencies": [
            "yandex_vpc_network.bastion-network"
          ]
        }
      ]
    },
    {
      "mode": "managed",
      "type": "yandex_vpc_security_group",
      "name": "zabbix-server-sg",
      "provider": "provider[\"registry.terraform.io/yandex-cloud/yandex\"]",
      "instances": [
        {
          "schema_version": 0,
          "attributes": {
            "created_at": "2024-04-13T12:43:29Z",
            "description": "",
            "egress": [],
            "folder_id": "b1gom662a1nlt3u5u012",
            "id": "enpftv5nvk2jlh551bk4",
            "ingress": [
              {
                "description": "",
                "from_port": -1,
                "id": "enpehsk5se5dbkn0n3si",
                "labels": {},
                "port": 80,
                "predefined_target": "",
                "protocol": "TCP",
                "security_group_id": "",
                "to_port": -1,
                "v4_cidr_blocks": [
                  "0.0.0.0/0"
                ],
                "v6_cidr_blocks": []
              },
              {
                "description": "",
                "from_port": 10050,
                "id": "enpk3skmjost26kr8h12",
                "labels": {},
                "port": -1,
                "predefined_target": "",
                "protocol": "TCP",
                "security_group_id": "",
                "to_port": 10051,
                "v4_cidr_blocks": [
                  "192.168.10.0/27"
                ],
                "v6_cidr_blocks": []
              },
              {
                "description": "",
                "from_port": 10050,
                "id": "enppq85t0vhsb67j7gn0",
                "labels": {},
                "port": -1,
                "predefined_target": "",
                "protocol": "TCP",
                "security_group_id": "",
                "to_port": 10052,
                "v4_cidr_blocks": [
                  "192.168.50.0/24"
                ],
                "v6_cidr_blocks": []
              }
            ],
            "labels": {},
            "name": "zabbix-server-sg",
            "network_id": "enpv8takndeourobkbr8",
            "status": "ACTIVE",
            "timeouts": null
          },
          "sensitive_attributes": [],
          "private": "eyJlMmJmYjczMC1lY2FhLTExZTYtOGY4OC0zNDM2M2JjN2M0YzAiOnsiY3JlYXRlIjoxODAwMDAwMDAwMDAsImRlbGV0ZSI6MTgwMDAwMDAwMDAwLCJ1cGRhdGUiOjE4MDAwMDAwMDAwMH19",
          "dependencies": [
            "yandex_vpc_gateway.nat_gateway",
            "yandex_vpc_network.bastion-network",
            "yandex_vpc_route_table.rt",
            "yandex_vpc_subnet.bastion-external-segment",
            "yandex_vpc_subnet.bastion-internal-segment"
          ]
        }
      ]
    },
    {
      "mode": "managed",
      "type": "yandex_vpc_security_group",
      "name": "zabbix-sg",
      "provider": "provider[\"registry.terraform.io/yandex-cloud/yandex\"]",
      "instances": [
        {
          "schema_version": 0,
          "attributes": {
            "created_at": "2024-04-13T12:43:30Z",
            "description": "",
            "egress": [
              {
                "description": "",
                "from_port": 10050,
                "id": "enpdt3j9l1f0jll1fgk8",
                "labels": {},
                "port": -1,
                "predefined_target": "",
                "protocol": "TCP",
                "security_group_id": "enpftv5nvk2jlh551bk4",
                "to_port": 10051,
                "v4_cidr_blocks": [],
                "v6_cidr_blocks": []
              }
            ],
            "folder_id": "b1gom662a1nlt3u5u012",
            "id": "enpq09ntn5k5p08jd5op",
            "ingress": [
              {
                "description": "",
                "from_port": 10050,
                "id": "enp0lt42q0belkl06fhk",
                "labels": {},
                "port": -1,
                "predefined_target": "",
                "protocol": "TCP",
                "security_group_id": "enpftv5nvk2jlh551bk4",
                "to_port": 10051,
                "v4_cidr_blocks": [],
                "v6_cidr_blocks": []
              }
            ],
            "labels": {},
            "name": "zabbix-sg",
            "network_id": "enpv8takndeourobkbr8",
            "status": "ACTIVE",
            "timeouts": null
          },
          "sensitive_attributes": [],
          "private": "eyJlMmJmYjczMC1lY2FhLTExZTYtOGY4OC0zNDM2M2JjN2M0YzAiOnsiY3JlYXRlIjoxODAwMDAwMDAwMDAsImRlbGV0ZSI6MTgwMDAwMDAwMDAwLCJ1cGRhdGUiOjE4MDAwMDAwMDAwMH19",
          "dependencies": [
            "yandex_vpc_gateway.nat_gateway",
            "yandex_vpc_network.bastion-network",
            "yandex_vpc_route_table.rt",
            "yandex_vpc_security_group.zabbix-server-sg",
            "yandex_vpc_subnet.bastion-external-segment",
            "yandex_vpc_subnet.bastion-internal-segment"
          ]
        }
      ]
    },
    {
      "mode": "managed",
      "type": "yandex_vpc_subnet",
      "name": "bastion-external-segment",
      "provider": "provider[\"registry.terraform.io/yandex-cloud/yandex\"]",
      "instances": [
        {
          "schema_version": 0,
          "attributes": {
            "created_at": "2024-04-13T12:43:25Z",
            "description": "",
            "dhcp_options": [],
            "folder_id": "b1gom662a1nlt3u5u012",
            "id": "e9bf8i19hiepv05d5tjm",
            "labels": {},
            "name": "bastion-external-segment",
            "network_id": "enpv8takndeourobkbr8",
            "route_table_id": "",
            "timeouts": null,
            "v4_cidr_blocks": [
              "192.168.50.0/24"
            ],
            "v6_cidr_blocks": [],
            "zone": "ru-central1-a"
          },
          "sensitive_attributes": [],
          "private": "eyJlMmJmYjczMC1lY2FhLTExZTYtOGY4OC0zNDM2M2JjN2M0YzAiOnsiY3JlYXRlIjoxODAwMDAwMDAwMDAsImRlbGV0ZSI6MTgwMDAwMDAwMDAwLCJ1cGRhdGUiOjE4MDAwMDAwMDAwMH19",
          "dependencies": [
            "yandex_vpc_network.bastion-network"
          ]
        }
      ]
    },
    {
      "mode": "managed",
      "type": "yandex_vpc_subnet",
      "name": "bastion-internal-segment",
      "provider": "provider[\"registry.terraform.io/yandex-cloud/yandex\"]",
      "instances": [
        {
          "schema_version": 0,
          "attributes": {
            "created_at": "2024-04-13T12:43:26Z",
            "description": "",
            "dhcp_options": [],
            "folder_id": "b1gom662a1nlt3u5u012",
            "id": "e9b09kc5083ejkspo6lj",
            "labels": {},
            "name": "bastion-internal-segment",
            "network_id": "enpv8takndeourobkbr8",
            "route_table_id": "enpanfp8aj949ru68e2o",
            "timeouts": null,
            "v4_cidr_blocks": [
              "192.168.10.0/27"
            ],
            "v6_cidr_blocks": [],
            "zone": "ru-central1-a"
          },
          "sensitive_attributes": [],
          "private": "eyJlMmJmYjczMC1lY2FhLTExZTYtOGY4OC0zNDM2M2JjN2M0YzAiOnsiY3JlYXRlIjoxODAwMDAwMDAwMDAsImRlbGV0ZSI6MTgwMDAwMDAwMDAwLCJ1cGRhdGUiOjE4MDAwMDAwMDAwMH19",
          "dependencies": [
            "yandex_vpc_gateway.nat_gateway",
            "yandex_vpc_network.bastion-network",
            "yandex_vpc_route_table.rt"
          ]
        }
      ]
    }
  ],
  "check_results": null
}
